// !$*UTF8*$!
{
	archiveVersion = 1;
	classes = {
	};
	objectVersion = 55;
	objects = {

/* Begin PBXBuildFile section */
		6B62E6202787D10A009E2EB0 /* VolumeConversionView.swift in Sources */ = {isa = PBXBuildFile; fileRef = 6B62E61F2787D10A009E2EB0 /* VolumeConversionView.swift */; };
		6B62E6222787E0AC009E2EB0 /* OutputView.swift in Sources */ = {isa = PBXBuildFile; fileRef = 6B62E6212787E0AC009E2EB0 /* OutputView.swift */; };
		6B9E483E27866B5C00CCFDE9 /* UnitConverterApp.swift in Sources */ = {isa = PBXBuildFile; fileRef = 6B9E483D27866B5C00CCFDE9 /* UnitConverterApp.swift */; };
		6B9E484027866B5C00CCFDE9 /* WelcomeView.swift in Sources */ = {isa = PBXBuildFile; fileRef = 6B9E483F27866B5C00CCFDE9 /* WelcomeView.swift */; };
		6B9E484227866B5D00CCFDE9 /* Assets.xcassets in Resources */ = {isa = PBXBuildFile; fileRef = 6B9E484127866B5D00CCFDE9 /* Assets.xcassets */; };
		6B9E484527866B5D00CCFDE9 /* Preview Assets.xcassets in Resources */ = {isa = PBXBuildFile; fileRef = 6B9E484427866B5D00CCFDE9 /* Preview Assets.xcassets */; };
		6B9E484C27866D7200CCFDE9 /* TemperatureConversionView.swift in Sources */ = {isa = PBXBuildFile; fileRef = 6B9E484B27866D7200CCFDE9 /* TemperatureConversionView.swift */; };
		6B9E484E2786A83500CCFDE9 /* LengthConversionView.swift in Sources */ = {isa = PBXBuildFile; fileRef = 6B9E484D2786A83500CCFDE9 /* LengthConversionView.swift */; };
		6B9E48502786B36800CCFDE9 /* TimeConversionView.swift in Sources */ = {isa = PBXBuildFile; fileRef = 6B9E484F2786B36800CCFDE9 /* TimeConversionView.swift */; };
		6B9E48542786B76000CCFDE9 /* InputView.swift in Sources */ = {isa = PBXBuildFile; fileRef = 6B9E48532786B76000CCFDE9 /* InputView.swift */; };
/* End PBXBuildFile section */

/* Begin PBXFileReference section */
		6B62E61F2787D10A009E2EB0 /* VolumeConversionView.swift */ = {isa = PBXFileReference; lastKnownFileType = sourcecode.swift; path = VolumeConversionView.swift; sourceTree = "<group>"; };
		6B62E6212787E0AC009E2EB0 /* OutputView.swift */ = {isa = PBXFileReference; lastKnownFileType = sourcecode.swift; path = OutputView.swift; sourceTree = "<group>"; };
		6B9E483A27866B5C00CCFDE9 /* UnitConverter.app */ = {isa = PBXFileReference; explicitFileType = wrapper.application; includeInIndex = 0; path = UnitConverter.app; sourceTree = BUILT_PRODUCTS_DIR; };
		6B9E483D27866B5C00CCFDE9 /* UnitConverterApp.swift */ = {isa = PBXFileReference; lastKnownFileType = sourcecode.swift; path = UnitConverterApp.swift; sourceTree = "<group>"; };
		6B9E483F27866B5C00CCFDE9 /* WelcomeView.swift */ = {isa = PBXFileReference; lastKnownFileType = sourcecode.swift; path = WelcomeView.swift; sourceTree = "<group>"; };
		6B9E484127866B5D00CCFDE9 /* Assets.xcassets */ = {isa = PBXFileReference; lastKnownFileType = folder.assetcatalog; path = Assets.xcassets; sourceTree = "<group>"; };
		6B9E484427866B5D00CCFDE9 /* Preview Assets.xcassets */ = {isa = PBXFileReference; lastKnownFileType = folder.assetcatalog; path = "Preview Assets.xcassets"; sourceTree = "<group>"; };
		6B9E484B27866D7200CCFDE9 /* TemperatureConversionView.swift */ = {isa = PBXFileReference; lastKnownFileType = sourcecode.swift; path = TemperatureConversionView.swift; sourceTree = "<group>"; };
		6B9E484D2786A83500CCFDE9 /* LengthConversionView.swift */ = {isa = PBXFileReference; lastKnownFileType = sourcecode.swift; path = LengthConversionView.swift; sourceTree = "<group>"; };
		6B9E484F2786B36800CCFDE9 /* TimeConversionView.swift */ = {isa = PBXFileReference; lastKnownFileType = sourcecode.swift; path = TimeConversionView.swift; sourceTree = "<group>"; };
		6B9E48532786B76000CCFDE9 /* InputView.swift */ = {isa = PBXFileReference; lastKnownFileType = sourcecode.swift; path = InputView.swift; sourceTree = "<group>"; };
/* End PBXFileReference section */

/* Begin PBXFrameworksBuildPhase section */
		6B9E483727866B5B00CCFDE9 /* Frameworks */ = {
			isa = PBXFrameworksBuildPhase;
			buildActionMask = 2147483647;
			files = (
			);
			runOnlyForDeploymentPostprocessing = 0;
		};
/* End PBXFrameworksBuildPhase section */

/* Begin PBXGroup section */
		6B9E483127866B5B00CCFDE9 = {
			isa = PBXGroup;
			children = (
				6B9E483C27866B5C00CCFDE9 /* UnitConverter */,
				6B9E483B27866B5C00CCFDE9 /* Products */,
			);
			sourceTree = "<group>";
		};
		6B9E483B27866B5C00CCFDE9 /* Products */ = {
			isa = PBXGroup;
			children = (
				6B9E483A27866B5C00CCFDE9 /* UnitConverter.app */,
			);
			name = Products;
			sourceTree = "<group>";
		};
		6B9E483C27866B5C00CCFDE9 /* UnitConverter */ = {
			isa = PBXGroup;
			children = (
				6B9E483D27866B5C00CCFDE9 /* UnitConverterApp.swift */,
				6BF0F6982787C4ED00A0D702 /* Views */,
				6B9E484127866B5D00CCFDE9 /* Assets.xcassets */,
				6B9E484327866B5D00CCFDE9 /* Preview Content */,
			);
			path = UnitConverter;
			sourceTree = "<group>";
		};
		6B9E484327866B5D00CCFDE9 /* Preview Content */ = {
			isa = PBXGroup;
			children = (
				6B9E484427866B5D00CCFDE9 /* Preview Assets.xcassets */,
			);
			path = "Preview Content";
			sourceTree = "<group>";
		};
		6BF0F6982787C4ED00A0D702 /* Views */ = {
			isa = PBXGroup;
			children = (
				6B9E483F27866B5C00CCFDE9 /* WelcomeView.swift */,
				6B9E48532786B76000CCFDE9 /* InputView.swift */,
				6B62E6212787E0AC009E2EB0 /* OutputView.swift */,
				6BF0F6992787C4FA00A0D702 /* ConversionViews */,
			);
			path = Views;
			sourceTree = "<group>";
		};
		6BF0F6992787C4FA00A0D702 /* ConversionViews */ = {
			isa = PBXGroup;
			children = (
				6B9E484B27866D7200CCFDE9 /* TemperatureConversionView.swift */,
				6B9E484D2786A83500CCFDE9 /* LengthConversionView.swift */,
				6B9E484F2786B36800CCFDE9 /* TimeConversionView.swift */,
				6B62E61F2787D10A009E2EB0 /* VolumeConversionView.swift */,
			);
			path = ConversionViews;
			sourceTree = "<group>";
		};
/* End PBXGroup section */

/* Begin PBXNativeTarget section */
		6B9E483927866B5B00CCFDE9 /* UnitConverter */ = {
			isa = PBXNativeTarget;
			buildConfigurationList = 6B9E484827866B5D00CCFDE9 /* Build configuration list for PBXNativeTarget "UnitConverter" */;
			buildPhases = (
				6B9E483627866B5B00CCFDE9 /* Sources */,
				6B9E483727866B5B00CCFDE9 /* Frameworks */,
				6B9E483827866B5B00CCFDE9 /* Resources */,
			);
			buildRules = (
			);
			dependencies = (
			);
			name = UnitConverter;
			productName = UnitConverter;
			productReference = 6B9E483A27866B5C00CCFDE9 /* UnitConverter.app */;
			productType = "com.apple.product-type.application";
		};
/* End PBXNativeTarget section */

/* Begin PBXProject section */
		6B9E483227866B5B00CCFDE9 /* Project object */ = {
			isa = PBXProject;
			attributes = {
				BuildIndependentTargetsInParallel = 1;
				LastSwiftUpdateCheck = 1320;
				LastUpgradeCheck = 1320;
				TargetAttributes = {
					6B9E483927866B5B00CCFDE9 = {
						CreatedOnToolsVersion = 13.2.1;
					};
				};
			};
			buildConfigurationList = 6B9E483527866B5B00CCFDE9 /* Build configuration list for PBXProject "UnitConverter" */;
			compatibilityVersion = "Xcode 13.0";
			developmentRegion = en;
			hasScannedForEncodings = 0;
			knownRegions = (
				en,
				Base,
			);
			mainGroup = 6B9E483127866B5B00CCFDE9;
			productRefGroup = 6B9E483B27866B5C00CCFDE9 /* Products */;
			projectDirPath = "";
			projectRoot = "";
			targets = (
				6B9E483927866B5B00CCFDE9 /* UnitConverter */,
			);
		};
/* End PBXProject section */

/* Begin PBXResourcesBuildPhase section */
		6B9E483827866B5B00CCFDE9 /* Resources */ = {
			isa = PBXResourcesBuildPhase;
			buildActionMask = 2147483647;
			files = (
				6B9E484527866B5D00CCFDE9 /* Preview Assets.xcassets in Resources */,
				6B9E484227866B5D00CCFDE9 /* Assets.xcassets in Resources */,
			);
			runOnlyForDeploymentPostprocessing = 0;
		};
/* End PBXResourcesBuildPhase section */

/* Begin PBXSourcesBuildPhase section */
		6B9E483627866B5B00CCFDE9 /* Sources */ = {
			isa = PBXSourcesBuildPhase;
			buildActionMask = 2147483647;
			files = (
				6B9E484E2786A83500CCFDE9 /* LengthConversionView.swift in Sources */,
				6B9E48542786B76000CCFDE9 /* InputView.swift in Sources */,
				6B62E6222787E0AC009E2EB0 /* OutputView.swift in Sources */,
				6B9E484027866B5C00CCFDE9 /* WelcomeView.swift in Sources */,
				6B9E484C27866D7200CCFDE9 /* TemperatureConversionView.swift in Sources */,
				6B9E48502786B36800CCFDE9 /* TimeConversionView.swift in Sources */,
				6B9E483E27866B5C00CCFDE9 /* UnitConverterApp.swift in Sources */,
				6B62E6202787D10A009E2EB0 /* VolumeConversionView.swift in Sources */,
			);
			runOnlyForDeploymentPostprocessing = 0;
		};
/* End PBXSourcesBuildPhase section */

/* Begin XCBuildConfiguration section */
		6B9E484627866B5D00CCFDE9 /* Debug */ = {
			isa = XCBuildConfiguration;
			buildSettings = {
				ALWAYS_SEARCH_USER_PATHS = NO;
				CLANG_ANALYZER_NONNULL = YES;
				CLANG_ANALYZER_NUMBER_OBJECT_CONVERSION = YES_AGGRESSIVE;
				CLANG_CXX_LANGUAGE_STANDARD = "gnu++17";
				CLANG_CXX_LIBRARY = "libc++";
				CLANG_ENABLE_MODULES = YES;
				CLANG_ENABLE_OBJC_ARC = YES;
				CLANG_ENABLE_OBJC_WEAK = YES;
				CLANG_WARN_BLOCK_CAPTURE_AUTORELEASING = YES;
				CLANG_WARN_BOOL_CONVERSION = YES;
				CLANG_WARN_COMMA = YES;
				CLANG_WARN_CONSTANT_CONVERSION = YES;
				CLANG_WARN_DEPRECATED_OBJC_IMPLEMENTATIONS = YES;
				CLANG_WARN_DIRECT_OBJC_ISA_USAGE = YES_ERROR;
				CLANG_WARN_DOCUMENTATION_COMMENTS = YES;
				CLANG_WARN_EMPTY_BODY = YES;
				CLANG_WARN_ENUM_CONVERSION = YES;
				CLANG_WARN_INFINITE_RECURSION = YES;
				CLANG_WARN_INT_CONVERSION = YES;
				CLANG_WARN_NON_LITERAL_NULL_CONVERSION = YES;
				CLANG_WARN_OBJC_IMPLICIT_RETAIN_SELF = YES;
				CLANG_WARN_OBJC_LITERAL_CONVERSION = YES;
				CLANG_WARN_OBJC_ROOT_CLASS = YES_ERROR;
				CLANG_WARN_QUOTED_INCLUDE_IN_FRAMEWORK_HEADER = YES;
				CLANG_WARN_RANGE_LOOP_ANALYSIS = YES;
				CLANG_WARN_STRICT_PROTOTYPES = YES;
				CLANG_WARN_SUSPICIOUS_MOVE = YES;
				CLANG_WARN_UNGUARDED_AVAILABILITY = YES_AGGRESSIVE;
				CLANG_WARN_UNREACHABLE_CODE = YES;
				CLANG_WARN__DUPLICATE_METHOD_MATCH = YES;
				COPY_PHASE_STRIP = NO;
				DEBUG_INFORMATION_FORMAT = dwarf;
				ENABLE_STRICT_OBJC_MSGSEND = YES;
				ENABLE_TESTABILITY = YES;
				GCC_C_LANGUAGE_STANDARD = gnu11;
				GCC_DYNAMIC_NO_PIC = NO;
				GCC_NO_COMMON_BLOCKS = YES;
				GCC_OPTIMIZATION_LEVEL = 0;
				GCC_PREPROCESSOR_DEFINITIONS = (
					"DEBUG=1",
					"$(inherited)",
				);
				GCC_WARN_64_TO_32_BIT_CONVERSION = YES;
				GCC_WARN_ABOUT_RETURN_TYPE = YES_ERROR;
				GCC_WARN_UNDECLARED_SELECTOR = YES;
				GCC_WARN_UNINITIALIZED_AUTOS = YES_AGGRESSIVE;
				GCC_WARN_UNUSED_FUNCTION = YES;
				GCC_WARN_UNUSED_VARIABLE = YES;
				IPHONEOS_DEPLOYMENT_TARGET = 15.2;
				MTL_ENABLE_DEBUG_INFO = INCLUDE_SOURCE;
				MTL_FAST_MATH = YES;
				ONLY_ACTIVE_ARCH = YES;
				SDKROOT = iphoneos;
				SWIFT_ACTIVE_COMPILATION_CONDITIONS = DEBUG;
				SWIFT_OPTIMIZATION_LEVEL = "-Onone";
			};
			name = Debug;
		};
		6B9E484727866B5D00CCFDE9 /* Release */ = {
			isa = XCBuildConfiguration;
			buildSettings = {
				ALWAYS_SEARCH_USER_PATHS = NO;
				CLANG_ANALYZER_NONNULL = YES;
				CLANG_ANALYZER_NUMBER_OBJECT_CONVERSION = YES_AGGRESSIVE;
				CLANG_CXX_LANGUAGE_STANDARD = "gnu++17";
				CLANG_CXX_LIBRARY = "libc++";
				CLANG_ENABLE_MODULES = YES;
				CLANG_ENABLE_OBJC_ARC = YES;
				CLANG_ENABLE_OBJC_WEAK = YES;
				CLANG_WARN_BLOCK_CAPTURE_AUTORELEASING = YES;
				CLANG_WARN_BOOL_CONVERSION = YES;
				CLANG_WARN_COMMA = YES;
				CLANG_WARN_CONSTANT_CONVERSION = YES;
				CLANG_WARN_DEPRECATED_OBJC_IMPLEMENTATIONS = YES;
				CLANG_WARN_DIRECT_OBJC_ISA_USAGE = YES_ERROR;
				CLANG_WARN_DOCUMENTATION_COMMENTS = YES;
				CLANG_WARN_EMPTY_BODY = YES;
				CLANG_WARN_ENUM_CONVERSION = YES;
				CLANG_WARN_INFINITE_RECURSION = YES;
				CLANG_WARN_INT_CONVERSION = YES;
				CLANG_WARN_NON_LITERAL_NULL_CONVERSION = YES;
				CLANG_WARN_OBJC_IMPLICIT_RETAIN_SELF = YES;
				CLANG_WARN_OBJC_LITERAL_CONVERSION = YES;
				CLANG_WARN_OBJC_ROOT_CLASS = YES_ERROR;
				CLANG_WARN_QUOTED_INCLUDE_IN_FRAMEWORK_HEADER = YES;
				CLANG_WARN_RANGE_LOOP_ANALYSIS = YES;
				CLANG_WARN_STRICT_PROTOTYPES = YES;
				CLANG_WARN_SUSPICIOUS_MOVE = YES;
				CLANG_WARN_UNGUARDED_AVAILABILITY = YES_AGGRESSIVE;
				CLANG_WARN_UNREACHABLE_CODE = YES;
				CLANG_WARN__DUPLICATE_METHOD_MATCH = YES;
				COPY_PHASE_STRIP = NO;
				DEBUG_INFORMATION_FORMAT = "dwarf-with-dsym";
				ENABLE_NS_ASSERTIONS = NO;
				ENABLE_STRICT_OBJC_MSGSEND = YES;
				GCC_C_LANGUAGE_STANDARD = gnu11;
				GCC_NO_COMMON_BLOCKS = YES;
				GCC_WARN_64_TO_32_BIT_CONVERSION = YES;
				GCC_WARN_ABOUT_RETURN_TYPE = YES_ERROR;
				GCC_WARN_UNDECLARED_SELECTOR = YES;
				GCC_WARN_UNINITIALIZED_AUTOS = YES_AGGRESSIVE;
				GCC_WARN_UNUSED_FUNCTION = YES;
				GCC_WARN_UNUSED_VARIABLE = YES;
				IPHONEOS_DEPLOYMENT_TARGET = 15.2;
				MTL_ENABLE_DEBUG_INFO = NO;
				MTL_FAST_MATH = YES;
				SDKROOT = iphoneos;
				SWIFT_COMPILATION_MODE = wholemodule;
				SWIFT_OPTIMIZATION_LEVEL = "-O";
				VALIDATE_PRODUCT = YES;
			};
			name = Release;
		};
		6B9E484927866B5D00CCFDE9 /* Debug */ = {
			isa = XCBuildConfiguration;
			buildSettings = {
				ASSETCATALOG_COMPILER_APPICON_NAME = AppIcon;
				ASSETCATALOG_COMPILER_GLOBAL_ACCENT_COLOR_NAME = AccentColor;
				CODE_SIGN_STYLE = Automatic;
				CURRENT_PROJECT_VERSION = 2;
				DEVELOPMENT_ASSET_PATHS = "\"UnitConverter/Preview Content\"";
				DEVELOPMENT_TEAM = TSKA2XAG4K;
				ENABLE_PREVIEWS = YES;
				GENERATE_INFOPLIST_FILE = YES;
				INFOPLIST_KEY_UIApplicationSceneManifest_Generation = YES;
				INFOPLIST_KEY_UIApplicationSupportsIndirectInputEvents = YES;
				INFOPLIST_KEY_UILaunchScreen_Generation = YES;
				INFOPLIST_KEY_UISupportedInterfaceOrientations_iPad = "UIInterfaceOrientationPortrait UIInterfaceOrientationPortraitUpsideDown UIInterfaceOrientationLandscapeLeft UIInterfaceOrientationLandscapeRight";
				INFOPLIST_KEY_UISupportedInterfaceOrientations_iPhone = "UIInterfaceOrientationPortrait UIInterfaceOrientationLandscapeLeft UIInterfaceOrientationLandscapeRight";
				LD_RUNPATH_SEARCH_PATHS = (
					"$(inherited)",
					"@executable_path/Frameworks",
				);
				MARKETING_VERSION = 1.0;
				PRODUCT_BUNDLE_IDENTIFIER = "com.Dante-Cesa.UnitConverter";
				PRODUCT_NAME = "$(TARGET_NAME)";
				SWIFT_EMIT_LOC_STRINGS = YES;
				SWIFT_VERSION = 5.0;
				TARGETED_DEVICE_FAMILY = "1,2";
			};
			name = Debug;
		};
		6B9E484A27866B5D00CCFDE9 /* Release */ = {
			isa = XCBuildConfiguration;
			buildSettings = {
				ASSETCATALOG_COMPILER_APPICON_NAME = AppIcon;
				ASSETCATALOG_COMPILER_GLOBAL_ACCENT_COLOR_NAME = AccentColor;
				CODE_SIGN_STYLE = Automatic;
				CURRENT_PROJECT_VERSION = 2;
				DEVELOPMENT_ASSET_PATHS = "\"UnitConverter/Preview Content\"";
				DEVELOPMENT_TEAM = TSKA2XAG4K;
				ENABLE_PREVIEWS = YES;
				GENERATE_INFOPLIST_FILE = YES;
				INFOPLIST_KEY_UIApplicationSceneManifest_Generation = YES;
				INFOPLIST_KEY_UIApplicationSupportsIndirectInputEvents = YES;
				INFOPLIST_KEY_UILaunchScreen_Generation = YES;
				INFOPLIST_KEY_UISupportedInterfaceOrientations_iPad = "UIInterfaceOrientationPortrait UIInterfaceOrientationPortraitUpsideDown UIInterfaceOrientationLandscapeLeft UIInterfaceOrientationLandscapeRight";
				INFOPLIST_KEY_UISupportedInterfaceOrientations_iPhone = "UIInterfaceOrientationPortrait UIInterfaceOrientationLandscapeLeft UIInterfaceOrientationLandscapeRight";
				LD_RUNPATH_SEARCH_PATHS = (
					"$(inherited)",
					"@executable_path/Frameworks",
				);
				MARKETING_VERSION = 1.0;
				PRODUCT_BUNDLE_IDENTIFIER = "com.Dante-Cesa.UnitConverter";
				PRODUCT_NAME = "$(TARGET_NAME)";
				SWIFT_EMIT_LOC_STRINGS = YES;
				SWIFT_VERSION = 5.0;
				TARGETED_DEVICE_FAMILY = "1,2";
			};
			name = Release;
		};
/* End XCBuildConfiguration section */

/* Begin XCConfigurationList section */
		6B9E483527866B5B00CCFDE9 /* Build configuration list for PBXProject "UnitConverter" */ = {
			isa = XCConfigurationList;
			buildConfigurations = (
				6B9E484627866B5D00CCFDE9 /* Debug */,
				6B9E484727866B5D00CCFDE9 /* Release */,
			);
			defaultConfigurationIsVisible = 0;
			defaultConfigurationName = Release;
		};
		6B9E484827866B5D00CCFDE9 /* Build configuration list for PBXNativeTarget "UnitConverter" */ = {
			isa = XCConfigurationList;
			buildConfigurations = (
				6B9E484927866B5D00CCFDE9 /* Debug */,
				6B9E484A27866B5D00CCFDE9 /* Release */,
			);
			defaultConfigurationIsVisible = 0;
			defaultConfigurationName = Release;
		};
/* End XCConfigurationList section */
	};
	rootObject = 6B9E483227866B5B00CCFDE9 /* Project object */;
}
